// !$*UTF8*$!
{
	archiveVersion = 1;
	classes = {
	};
	objectVersion = 46;
	objects = {

/* Begin PBXBuildFile section */
		5E57E70F1F747D6500B83A7D /* background_square.png in Resources */ = {isa = PBXBuildFile; fileRef = 5E57E6DA1F747D6500B83A7D /* background_square.png */; };
		5E57E7101F747D6500B83A7D /* background33.png in Resources */ = {isa = PBXBuildFile; fileRef = 5E57E6DB1F747D6500B83A7D /* background33.png */; };
		5E57E7111F747D6500B83A7D /* background36_568h.png in Resources */ = {isa = PBXBuildFile; fileRef = 5E57E6DC1F747D6500B83A7D /* background36_568h.png */; };
		5E57E7121F747D6500B83A7D /* background36_568h@2x.png in Resources */ = {isa = PBXBuildFile; fileRef = 5E57E6DD1F747D6500B83A7D /* background36_568h@2x.png */; };
		5E57E7131F747D6500B83A7D /* background36.png in Resources */ = {isa = PBXBuildFile; fileRef = 5E57E6DE1F747D6500B83A7D /* background36.png */; };
		5E57E7141F747D6500B83A7D /* background36@2x.png in Resources */ = {isa = PBXBuildFile; fileRef = 5E57E6DF1F747D6500B83A7D /* background36@2x.png */; };
		5E57E7151F747D6500B83A7D /* brushed_aluminum.png in Resources */ = {isa = PBXBuildFile; fileRef = 5E57E6E01F747D6500B83A7D /* brushed_aluminum.png */; };
		5E57E7161F747D6500B83A7D /* Default-568h@2x.png in Resources */ = {isa = PBXBuildFile; fileRef = 5E57E6E11F747D6500B83A7D /* Default-568h@2x.png */; };
		5E57E7171F747D6500B83A7D /* Default.png in Resources */ = {isa = PBXBuildFile; fileRef = 5E57E6E21F747D6500B83A7D /* Default.png */; };
		5E57E7181F747D6500B83A7D /* Default~iphone.png in Resources */ = {isa = PBXBuildFile; fileRef = 5E57E6E31F747D6500B83A7D /* Default~iphone.png */; };
		5E57E7191F747D6500B83A7D /* gauge_bkg_iphone35_land.png in Resources */ = {isa = PBXBuildFile; fileRef = 5E57E6E41F747D6500B83A7D /* gauge_bkg_iphone35_land.png */; };
		5E57E71A1F747D6500B83A7D /* gauge_bkg_iphone35_land@2x.png in Resources */ = {isa = PBXBuildFile; fileRef = 5E57E6E51F747D6500B83A7D /* gauge_bkg_iphone35_land@2x.png */; };
		5E57E71B1F747D6500B83A7D /* gauge_bkg_iphone35.png in Resources */ = {isa = PBXBuildFile; fileRef = 5E57E6E61F747D6500B83A7D /* gauge_bkg_iphone35.png */; };
		5E57E71C1F747D6500B83A7D /* gauge_bkg_iphone35@2x.png in Resources */ = {isa = PBXBuildFile; fileRef = 5E57E6E71F747D6500B83A7D /* gauge_bkg_iphone35@2x.png */; };
		5E57E71D1F747D6500B83A7D /* gauge_bkg_iphone40_land.png in Resources */ = {isa = PBXBuildFile; fileRef = 5E57E6E81F747D6500B83A7D /* gauge_bkg_iphone40_land.png */; };
		5E57E71E1F747D6500B83A7D /* gauge_bkg_iphone40_land@2x.png in Resources */ = {isa = PBXBuildFile; fileRef = 5E57E6E91F747D6500B83A7D /* gauge_bkg_iphone40_land@2x.png */; };
		5E57E71F1F747D6500B83A7D /* gauge_bkg_iphone40.png in Resources */ = {isa = PBXBuildFile; fileRef = 5E57E6EA1F747D6500B83A7D /* gauge_bkg_iphone40.png */; };
		5E57E7201F747D6500B83A7D /* gauge_bkg_iphone40@2x.png in Resources */ = {isa = PBXBuildFile; fileRef = 5E57E6EB1F747D6500B83A7D /* gauge_bkg_iphone40@2x.png */; };
		5E57E7211F747D6500B83A7D /* gauge_bkg_itouch35_land.png in Resources */ = {isa = PBXBuildFile; fileRef = 5E57E6EC1F747D6500B83A7D /* gauge_bkg_itouch35_land.png */; };
		5E57E7221F747D6500B83A7D /* gauge_bkg_itouch35_land@2x.png in Resources */ = {isa = PBXBuildFile; fileRef = 5E57E6ED1F747D6500B83A7D /* gauge_bkg_itouch35_land@2x.png */; };
		5E57E7231F747D6500B83A7D /* gauge_bkg_itouch35.png in Resources */ = {isa = PBXBuildFile; fileRef = 5E57E6EE1F747D6500B83A7D /* gauge_bkg_itouch35.png */; };
		5E57E7241F747D6500B83A7D /* gauge_bkg_itouch35@2x.png in Resources */ = {isa = PBXBuildFile; fileRef = 5E57E6EF1F747D6500B83A7D /* gauge_bkg_itouch35@2x.png */; };
		5E57E7251F747D6500B83A7D /* gauge_bkg_itouch40_land.png in Resources */ = {isa = PBXBuildFile; fileRef = 5E57E6F01F747D6500B83A7D /* gauge_bkg_itouch40_land.png */; };
		5E57E7261F747D6500B83A7D /* gauge_bkg_itouch40_land@2x.png in Resources */ = {isa = PBXBuildFile; fileRef = 5E57E6F11F747D6500B83A7D /* gauge_bkg_itouch40_land@2x.png */; };
		5E57E7271F747D6500B83A7D /* gauge_bkg_itouch40.png in Resources */ = {isa = PBXBuildFile; fileRef = 5E57E6F21F747D6500B83A7D /* gauge_bkg_itouch40.png */; };
		5E57E7281F747D6500B83A7D /* gauge_bkg_itouch40@2x.png in Resources */ = {isa = PBXBuildFile; fileRef = 5E57E6F31F747D6500B83A7D /* gauge_bkg_itouch40@2x.png */; };
		5E57E7291F747D6500B83A7D /* ipad_landscape_1024x748.png in Resources */ = {isa = PBXBuildFile; fileRef = 5E57E6F41F747D6500B83A7D /* ipad_landscape_1024x748.png */; };
		5E57E72A1F747D6500B83A7D /* ipad_landscape_1024x748@2x.png in Resources */ = {isa = PBXBuildFile; fileRef = 5E57E6F51F747D6500B83A7D /* ipad_landscape_1024x748@2x.png */; };
		5E57E72B1F747D6500B83A7D /* ipad_landscape_1024x768.png in Resources */ = {isa = PBXBuildFile; fileRef = 5E57E6F61F747D6500B83A7D /* ipad_landscape_1024x768.png */; };
		5E57E72C1F747D6500B83A7D /* ipad_landscape_1024x768@2x.png in Resources */ = {isa = PBXBuildFile; fileRef = 5E57E6F71F747D6500B83A7D /* ipad_landscape_1024x768@2x.png */; };
		5E57E72D1F747D6500B83A7D /* ipad_portrait_768x1004.png in Resources */ = {isa = PBXBuildFile; fileRef = 5E57E6F81F747D6500B83A7D /* ipad_portrait_768x1004.png */; };
		5E57E72E1F747D6500B83A7D /* ipad_portrait_768x1004@2x.png in Resources */ = {isa = PBXBuildFile; fileRef = 5E57E6F91F747D6500B83A7D /* ipad_portrait_768x1004@2x.png */; };
		5E57E72F1F747D6500B83A7D /* ipad_portrait_768x1024.png in Resources */ = {isa = PBXBuildFile; fileRef = 5E57E6FA1F747D6500B83A7D /* ipad_portrait_768x1024.png */; };
		5E57E7301F747D6500B83A7D /* ipad_portrait_768x1024@2x.png in Resources */ = {isa = PBXBuildFile; fileRef = 5E57E6FB1F747D6500B83A7D /* ipad_portrait_768x1024@2x.png */; };
		5E57E7311F747D6500B83A7D /* iphone6_portrait_750x1334.png in Resources */ = {isa = PBXBuildFile; fileRef = 5E57E6FC1F747D6500B83A7D /* iphone6_portrait_750x1334.png */; };
		5E57E7321F747D6500B83A7D /* iphone6+_portrait_1242x2208.png in Resources */ = {isa = PBXBuildFile; fileRef = 5E57E6FD1F747D6500B83A7D /* iphone6+_portrait_1242x2208.png */; };
		5E57E7331F747D6500B83A7D /* throttle_bkg_iphone35_land.png in Resources */ = {isa = PBXBuildFile; fileRef = 5E57E6FE1F747D6500B83A7D /* throttle_bkg_iphone35_land.png */; };
		5E57E7341F747D6500B83A7D /* throttle_bkg_iphone35_land@2x.png in Resources */ = {isa = PBXBuildFile; fileRef = 5E57E6FF1F747D6500B83A7D /* throttle_bkg_iphone35_land@2x.png */; };
		5E57E7351F747D6500B83A7D /* throttle_bkg_iphone35.png in Resources */ = {isa = PBXBuildFile; fileRef = 5E57E7001F747D6500B83A7D /* throttle_bkg_iphone35.png */; };
		5E57E7361F747D6500B83A7D /* throttle_bkg_iphone35@2x.png in Resources */ = {isa = PBXBuildFile; fileRef = 5E57E7011F747D6500B83A7D /* throttle_bkg_iphone35@2x.png */; };
		5E57E7371F747D6500B83A7D /* throttle_bkg_iphone40_land.png in Resources */ = {isa = PBXBuildFile; fileRef = 5E57E7021F747D6500B83A7D /* throttle_bkg_iphone40_land.png */; };
		5E57E7381F747D6500B83A7D /* throttle_bkg_iphone40_land@2x.png in Resources */ = {isa = PBXBuildFile; fileRef = 5E57E7031F747D6500B83A7D /* throttle_bkg_iphone40_land@2x.png */; };
		5E57E7391F747D6500B83A7D /* throttle_bkg_iphone40.png in Resources */ = {isa = PBXBuildFile; fileRef = 5E57E7041F747D6500B83A7D /* throttle_bkg_iphone40.png */; };
		5E57E73A1F747D6500B83A7D /* throttle_bkg_iphone40@2x.png in Resources */ = {isa = PBXBuildFile; fileRef = 5E57E7051F747D6500B83A7D /* throttle_bkg_iphone40@2x.png */; };
		5E57E73B1F747D6500B83A7D /* throttle_bkg_itouch35_land.png in Resources */ = {isa = PBXBuildFile; fileRef = 5E57E7061F747D6500B83A7D /* throttle_bkg_itouch35_land.png */; };
		5E57E73C1F747D6500B83A7D /* throttle_bkg_itouch35_land@2x.png in Resources */ = {isa = PBXBuildFile; fileRef = 5E57E7071F747D6500B83A7D /* throttle_bkg_itouch35_land@2x.png */; };
		5E57E73D1F747D6500B83A7D /* throttle_bkg_itouch35.png in Resources */ = {isa = PBXBuildFile; fileRef = 5E57E7081F747D6500B83A7D /* throttle_bkg_itouch35.png */; };
		5E57E73E1F747D6500B83A7D /* throttle_bkg_itouch35@2x.png in Resources */ = {isa = PBXBuildFile; fileRef = 5E57E7091F747D6500B83A7D /* throttle_bkg_itouch35@2x.png */; };
		5E57E73F1F747D6500B83A7D /* throttle_bkg_itouch40_land.png in Resources */ = {isa = PBXBuildFile; fileRef = 5E57E70A1F747D6500B83A7D /* throttle_bkg_itouch40_land.png */; };
		5E57E7401F747D6500B83A7D /* throttle_bkg_itouch40_land@2x.png in Resources */ = {isa = PBXBuildFile; fileRef = 5E57E70B1F747D6500B83A7D /* throttle_bkg_itouch40_land@2x.png */; };
		5E57E7411F747D6500B83A7D /* throttle_bkg_itouch40.png in Resources */ = {isa = PBXBuildFile; fileRef = 5E57E70C1F747D6500B83A7D /* throttle_bkg_itouch40.png */; };
		5E57E7421F747D6500B83A7D /* throttle_bkg_itouch40@2x.png in Resources */ = {isa = PBXBuildFile; fileRef = 5E57E70D1F747D6500B83A7D /* throttle_bkg_itouch40@2x.png */; };
		5E57E7431F747D6500B83A7D /* wheel_fullbkg.png in Resources */ = {isa = PBXBuildFile; fileRef = 5E57E70E1F747D6500B83A7D /* wheel_fullbkg.png */; };
		5E57E7451F747DD600B83A7D /* background33.png in Resources */ = {isa = PBXBuildFile; fileRef = 5E57E7441F747DD600B83A7D /* background33.png */; };
		5E8F6D441F7D785700FDE99F /* BtUtil.swift in Sources */ = {isa = PBXBuildFile; fileRef = 5E8F6D431F7D785700FDE99F /* BtUtil.swift */; };
		5E8F6D4A1F7D7B2A00FDE99F /* CoreBluetooth.framework in Frameworks */ = {isa = PBXBuildFile; fileRef = 5E8F6D491F7D7B2A00FDE99F /* CoreBluetooth.framework */; };
		5E8F6D4C1F7D7B3500FDE99F /* CoreLocation.framework in Frameworks */ = {isa = PBXBuildFile; fileRef = 5E8F6D4B1F7D7B3500FDE99F /* CoreLocation.framework */; };
		5EB54C8C1F7330E9008D9373 /* AppDelegate.swift in Sources */ = {isa = PBXBuildFile; fileRef = 5EB54C8B1F7330E9008D9373 /* AppDelegate.swift */; };
		5EB54C8E1F7330E9008D9373 /* ViewController.swift in Sources */ = {isa = PBXBuildFile; fileRef = 5EB54C8D1F7330E9008D9373 /* ViewController.swift */; };
		5EB54C911F7330E9008D9373 /* Main.storyboard in Resources */ = {isa = PBXBuildFile; fileRef = 5EB54C8F1F7330E9008D9373 /* Main.storyboard */; };
		5EB54C931F7330E9008D9373 /* Assets.xcassets in Resources */ = {isa = PBXBuildFile; fileRef = 5EB54C921F7330E9008D9373 /* Assets.xcassets */; };
		5EB54C961F7330E9008D9373 /* LaunchScreen.storyboard in Resources */ = {isa = PBXBuildFile; fileRef = 5EB54C941F7330E9008D9373 /* LaunchScreen.storyboard */; };
		5ED6EF1A1F75672300380934 /* TCCellData.m in Sources */ = {isa = PBXBuildFile; fileRef = 5ED6EF191F75672300380934 /* TCCellData.m */; };
		5ED6EF3F1F75872000380934 /* bafflename.plist in Resources */ = {isa = PBXBuildFile; fileRef = 5ED6EF251F75872000380934 /* bafflename.plist */; };
		5ED6EF401F75872000380934 /* dialcodes.plist in Resources */ = {isa = PBXBuildFile; fileRef = 5ED6EF261F75872000380934 /* dialcodes.plist */; };
		5ED6EF411F75872000380934 /* dtc2011softail.plist in Resources */ = {isa = PBXBuildFile; fileRef = 5ED6EF271F75872000380934 /* dtc2011softail.plist */; };
		5ED6EF421F75872000380934 /* dtc2012dyna.plist in Resources */ = {isa = PBXBuildFile; fileRef = 5ED6EF281F75872000380934 /* dtc2012dyna.plist */; };
		5ED6EF431F75872000380934 /* dtc2012softail.plist in Resources */ = {isa = PBXBuildFile; fileRef = 5ED6EF291F75872000380934 /* dtc2012softail.plist */; };
		5ED6EF441F75872000380934 /* dtc2013dyna.plist in Resources */ = {isa = PBXBuildFile; fileRef = 5ED6EF2A1F75872000380934 /* dtc2013dyna.plist */; };
		5ED6EF451F75872000380934 /* dtc2013softail.plist in Resources */ = {isa = PBXBuildFile; fileRef = 5ED6EF2B1F75872000380934 /* dtc2013softail.plist */; };
		5ED6EF461F75872000380934 /* dtc2014sportster.plist in Resources */ = {isa = PBXBuildFile; fileRef = 5ED6EF2C1F75872000380934 /* dtc2014sportster.plist */; };
		5ED6EF471F75872000380934 /* dtc2014touring.plist in Resources */ = {isa = PBXBuildFile; fileRef = 5ED6EF2D1F75872000380934 /* dtc2014touring.plist */; };
		5ED6EF481F75872000380934 /* dtc_generic.plist in Resources */ = {isa = PBXBuildFile; fileRef = 5ED6EF2E1F75872000380934 /* dtc_generic.plist */; };
		5ED6EF491F75872000380934 /* dtcdic.plist in Resources */ = {isa = PBXBuildFile; fileRef = 5ED6EF2F1F75872000380934 /* dtcdic.plist */; };
		5ED6EF531F75872000380934 /* livedata.plist in Resources */ = {isa = PBXBuildFile; fileRef = 5ED6EF391F75872000380934 /* livedata.plist */; };
		5ED6EF541F75872000380934 /* livedata0.plist in Resources */ = {isa = PBXBuildFile; fileRef = 5ED6EF3A1F75872000380934 /* livedata0.plist */; };
		5ED6EF551F75872000380934 /* livedata1.plist in Resources */ = {isa = PBXBuildFile; fileRef = 5ED6EF3B1F75872000380934 /* livedata1.plist */; };
		5ED6EF561F75872000380934 /* livedata1_J1850.plist in Resources */ = {isa = PBXBuildFile; fileRef = 5ED6EF3C1F75872000380934 /* livedata1_J1850.plist */; };
		5ED6EF571F75872000380934 /* livedata2.plist in Resources */ = {isa = PBXBuildFile; fileRef = 5ED6EF3D1F75872000380934 /* livedata2.plist */; };
		5ED6EF581F75872000380934 /* livedata3.plist in Resources */ = {isa = PBXBuildFile; fileRef = 5ED6EF3E1F75872000380934 /* livedata3.plist */; };
		5EF8CB471F74245700D5FDBF /* DTCViewController.m in Sources */ = {isa = PBXBuildFile; fileRef = 5EF8CB461F74245700D5FDBF /* DTCViewController.m */; };
		5EF8CB4B1F74262A00D5FDBF /* GCDiscreetNotificationView.m in Sources */ = {isa = PBXBuildFile; fileRef = 5EF8CB4A1F74262A00D5FDBF /* GCDiscreetNotificationView.m */; };
		5EF8CB6C1F742B6000D5FDBF /* nav_back.png in Resources */ = {isa = PBXBuildFile; fileRef = 5EF8CB511F742B6000D5FDBF /* nav_back.png */; };
		5EF8CB6D1F742B6000D5FDBF /* nav_back@2x.png in Resources */ = {isa = PBXBuildFile; fileRef = 5EF8CB521F742B6000D5FDBF /* nav_back@2x.png */; };
		5EF8CB6E1F742B6000D5FDBF /* nav_bulkedit.png in Resources */ = {isa = PBXBuildFile; fileRef = 5EF8CB531F742B6000D5FDBF /* nav_bulkedit.png */; };
		5EF8CB6F1F742B6000D5FDBF /* nav_bulkedit@2x.png in Resources */ = {isa = PBXBuildFile; fileRef = 5EF8CB541F742B6000D5FDBF /* nav_bulkedit@2x.png */; };
		5EF8CB701F742B6000D5FDBF /* nav_down.png in Resources */ = {isa = PBXBuildFile; fileRef = 5EF8CB551F742B6000D5FDBF /* nav_down.png */; };
		5EF8CB711F742B6000D5FDBF /* nav_down@2x.png in Resources */ = {isa = PBXBuildFile; fileRef = 5EF8CB561F742B6000D5FDBF /* nav_down@2x.png */; };
		5EF8CB721F742B6000D5FDBF /* nav_flash.png in Resources */ = {isa = PBXBuildFile; fileRef = 5EF8CB571F742B6000D5FDBF /* nav_flash.png */; };
		5EF8CB731F742B6000D5FDBF /* nav_flash@2x.png in Resources */ = {isa = PBXBuildFile; fileRef = 5EF8CB581F742B6000D5FDBF /* nav_flash@2x.png */; };
		5EF8CB741F742B6000D5FDBF /* nav_home.png in Resources */ = {isa = PBXBuildFile; fileRef = 5EF8CB591F742B6000D5FDBF /* nav_home.png */; };
		5EF8CB751F742B6000D5FDBF /* nav_home@2x.png in Resources */ = {isa = PBXBuildFile; fileRef = 5EF8CB5A1F742B6000D5FDBF /* nav_home@2x.png */; };
		5EF8CB761F742B6000D5FDBF /* nav_info.png in Resources */ = {isa = PBXBuildFile; fileRef = 5EF8CB5B1F742B6000D5FDBF /* nav_info.png */; };
		5EF8CB771F742B6000D5FDBF /* nav_info4.png in Resources */ = {isa = PBXBuildFile; fileRef = 5EF8CB5C1F742B6000D5FDBF /* nav_info4.png */; };
		5EF8CB781F742B6000D5FDBF /* nav_info4@2x.png in Resources */ = {isa = PBXBuildFile; fileRef = 5EF8CB5D1F742B6000D5FDBF /* nav_info4@2x.png */; };
		5EF8CB791F742B6000D5FDBF /* nav_info@2x.png in Resources */ = {isa = PBXBuildFile; fileRef = 5EF8CB5E1F742B6000D5FDBF /* nav_info@2x.png */; };
		5EF8CB7A1F742B6000D5FDBF /* nav_link.png in Resources */ = {isa = PBXBuildFile; fileRef = 5EF8CB5F1F742B6000D5FDBF /* nav_link.png */; };
		5EF8CB7B1F742B6000D5FDBF /* nav_link@2x.png in Resources */ = {isa = PBXBuildFile; fileRef = 5EF8CB601F742B6000D5FDBF /* nav_link@2x.png */; };
		5EF8CB7C1F742B6000D5FDBF /* nav_refresh.png in Resources */ = {isa = PBXBuildFile; fileRef = 5EF8CB611F742B6000D5FDBF /* nav_refresh.png */; };
		5EF8CB7D1F742B6000D5FDBF /* nav_refresh@2x.png in Resources */ = {isa = PBXBuildFile; fileRef = 5EF8CB621F742B6000D5FDBF /* nav_refresh@2x.png */; };
		5EF8CB7E1F742B6000D5FDBF /* nav_right.png in Resources */ = {isa = PBXBuildFile; fileRef = 5EF8CB631F742B6000D5FDBF /* nav_right.png */; };
		5EF8CB7F1F742B6000D5FDBF /* nav_right@2x.png in Resources */ = {isa = PBXBuildFile; fileRef = 5EF8CB641F742B6000D5FDBF /* nav_right@2x.png */; };
		5EF8CB801F742B6000D5FDBF /* nav_save.png in Resources */ = {isa = PBXBuildFile; fileRef = 5EF8CB651F742B6000D5FDBF /* nav_save.png */; };
		5EF8CB811F742B6000D5FDBF /* nav_save@2x.png in Resources */ = {isa = PBXBuildFile; fileRef = 5EF8CB661F742B6000D5FDBF /* nav_save@2x.png */; };
		5EF8CB821F742B6000D5FDBF /* nav_trash.png in Resources */ = {isa = PBXBuildFile; fileRef = 5EF8CB671F742B6000D5FDBF /* nav_trash.png */; };
		5EF8CB831F742B6000D5FDBF /* nav_trash@2x.png in Resources */ = {isa = PBXBuildFile; fileRef = 5EF8CB681F742B6000D5FDBF /* nav_trash@2x.png */; };
		5EF8CB841F742B6000D5FDBF /* nav_undo.png in Resources */ = {isa = PBXBuildFile; fileRef = 5EF8CB691F742B6000D5FDBF /* nav_undo.png */; };
		5EF8CB851F742B6000D5FDBF /* nav_undo@2x.png in Resources */ = {isa = PBXBuildFile; fileRef = 5EF8CB6A1F742B6000D5FDBF /* nav_undo@2x.png */; };
/* End PBXBuildFile section */

/* Begin PBXFileReference section */
		5E57E6DA1F747D6500B83A7D /* background_square.png */ = {isa = PBXFileReference; lastKnownFileType = image.png; path = background_square.png; sourceTree = "<group>"; };
		5E57E6DB1F747D6500B83A7D /* background33.png */ = {isa = PBXFileReference; lastKnownFileType = image.png; path = background33.png; sourceTree = "<group>"; };
		5E57E6DC1F747D6500B83A7D /* background36_568h.png */ = {isa = PBXFileReference; lastKnownFileType = image.png; path = background36_568h.png; sourceTree = "<group>"; };
		5E57E6DD1F747D6500B83A7D /* background36_568h@2x.png */ = {isa = PBXFileReference; lastKnownFileType = image.png; path = "background36_568h@2x.png"; sourceTree = "<group>"; };
		5E57E6DE1F747D6500B83A7D /* background36.png */ = {isa = PBXFileReference; lastKnownFileType = image.png; path = background36.png; sourceTree = "<group>"; };
		5E57E6DF1F747D6500B83A7D /* background36@2x.png */ = {isa = PBXFileReference; lastKnownFileType = image.png; path = "background36@2x.png"; sourceTree = "<group>"; };
		5E57E6E01F747D6500B83A7D /* brushed_aluminum.png */ = {isa = PBXFileReference; lastKnownFileType = image.png; path = brushed_aluminum.png; sourceTree = "<group>"; };
		5E57E6E11F747D6500B83A7D /* Default-568h@2x.png */ = {isa = PBXFileReference; lastKnownFileType = image.png; path = "Default-568h@2x.png"; sourceTree = "<group>"; };
		5E57E6E21F747D6500B83A7D /* Default.png */ = {isa = PBXFileReference; lastKnownFileType = image.png; path = Default.png; sourceTree = "<group>"; };
		5E57E6E31F747D6500B83A7D /* Default~iphone.png */ = {isa = PBXFileReference; lastKnownFileType = image.png; path = "Default~iphone.png"; sourceTree = "<group>"; };
		5E57E6E41F747D6500B83A7D /* gauge_bkg_iphone35_land.png */ = {isa = PBXFileReference; lastKnownFileType = image.png; path = gauge_bkg_iphone35_land.png; sourceTree = "<group>"; };
		5E57E6E51F747D6500B83A7D /* gauge_bkg_iphone35_land@2x.png */ = {isa = PBXFileReference; lastKnownFileType = image.png; path = "gauge_bkg_iphone35_land@2x.png"; sourceTree = "<group>"; };
		5E57E6E61F747D6500B83A7D /* gauge_bkg_iphone35.png */ = {isa = PBXFileReference; lastKnownFileType = image.png; path = gauge_bkg_iphone35.png; sourceTree = "<group>"; };
		5E57E6E71F747D6500B83A7D /* gauge_bkg_iphone35@2x.png */ = {isa = PBXFileReference; lastKnownFileType = image.png; path = "gauge_bkg_iphone35@2x.png"; sourceTree = "<group>"; };
		5E57E6E81F747D6500B83A7D /* gauge_bkg_iphone40_land.png */ = {isa = PBXFileReference; lastKnownFileType = image.png; path = gauge_bkg_iphone40_land.png; sourceTree = "<group>"; };
		5E57E6E91F747D6500B83A7D /* gauge_bkg_iphone40_land@2x.png */ = {isa = PBXFileReference; lastKnownFileType = image.png; path = "gauge_bkg_iphone40_land@2x.png"; sourceTree = "<group>"; };
		5E57E6EA1F747D6500B83A7D /* gauge_bkg_iphone40.png */ = {isa = PBXFileReference; lastKnownFileType = image.png; path = gauge_bkg_iphone40.png; sourceTree = "<group>"; };
		5E57E6EB1F747D6500B83A7D /* gauge_bkg_iphone40@2x.png */ = {isa = PBXFileReference; lastKnownFileType = image.png; path = "gauge_bkg_iphone40@2x.png"; sourceTree = "<group>"; };
		5E57E6EC1F747D6500B83A7D /* gauge_bkg_itouch35_land.png */ = {isa = PBXFileReference; lastKnownFileType = image.png; path = gauge_bkg_itouch35_land.png; sourceTree = "<group>"; };
		5E57E6ED1F747D6500B83A7D /* gauge_bkg_itouch35_land@2x.png */ = {isa = PBXFileReference; lastKnownFileType = image.png; path = "gauge_bkg_itouch35_land@2x.png"; sourceTree = "<group>"; };
		5E57E6EE1F747D6500B83A7D /* gauge_bkg_itouch35.png */ = {isa = PBXFileReference; lastKnownFileType = image.png; path = gauge_bkg_itouch35.png; sourceTree = "<group>"; };
		5E57E6EF1F747D6500B83A7D /* gauge_bkg_itouch35@2x.png */ = {isa = PBXFileReference; lastKnownFileType = image.png; path = "gauge_bkg_itouch35@2x.png"; sourceTree = "<group>"; };
		5E57E6F01F747D6500B83A7D /* gauge_bkg_itouch40_land.png */ = {isa = PBXFileReference; lastKnownFileType = image.png; path = gauge_bkg_itouch40_land.png; sourceTree = "<group>"; };
		5E57E6F11F747D6500B83A7D /* gauge_bkg_itouch40_land@2x.png */ = {isa = PBXFileReference; lastKnownFileType = image.png; path = "gauge_bkg_itouch40_land@2x.png"; sourceTree = "<group>"; };
		5E57E6F21F747D6500B83A7D /* gauge_bkg_itouch40.png */ = {isa = PBXFileReference; lastKnownFileType = image.png; path = gauge_bkg_itouch40.png; sourceTree = "<group>"; };
		5E57E6F31F747D6500B83A7D /* gauge_bkg_itouch40@2x.png */ = {isa = PBXFileReference; lastKnownFileType = image.png; path = "gauge_bkg_itouch40@2x.png"; sourceTree = "<group>"; };
		5E57E6F41F747D6500B83A7D /* ipad_landscape_1024x748.png */ = {isa = PBXFileReference; lastKnownFileType = image.png; path = ipad_landscape_1024x748.png; sourceTree = "<group>"; };
		5E57E6F51F747D6500B83A7D /* ipad_landscape_1024x748@2x.png */ = {isa = PBXFileReference; lastKnownFileType = image.png; path = "ipad_landscape_1024x748@2x.png"; sourceTree = "<group>"; };
		5E57E6F61F747D6500B83A7D /* ipad_landscape_1024x768.png */ = {isa = PBXFileReference; lastKnownFileType = image.png; path = ipad_landscape_1024x768.png; sourceTree = "<group>"; };
		5E57E6F71F747D6500B83A7D /* ipad_landscape_1024x768@2x.png */ = {isa = PBXFileReference; lastKnownFileType = image.png; path = "ipad_landscape_1024x768@2x.png"; sourceTree = "<group>"; };
		5E57E6F81F747D6500B83A7D /* ipad_portrait_768x1004.png */ = {isa = PBXFileReference; lastKnownFileType = image.png; path = ipad_portrait_768x1004.png; sourceTree = "<group>"; };
		5E57E6F91F747D6500B83A7D /* ipad_portrait_768x1004@2x.png */ = {isa = PBXFileReference; lastKnownFileType = image.png; path = "ipad_portrait_768x1004@2x.png"; sourceTree = "<group>"; };
		5E57E6FA1F747D6500B83A7D /* ipad_portrait_768x1024.png */ = {isa = PBXFileReference; lastKnownFileType = image.png; path = ipad_portrait_768x1024.png; sourceTree = "<group>"; };
		5E57E6FB1F747D6500B83A7D /* ipad_portrait_768x1024@2x.png */ = {isa = PBXFileReference; lastKnownFileType = image.png; path = "ipad_portrait_768x1024@2x.png"; sourceTree = "<group>"; };
		5E57E6FC1F747D6500B83A7D /* iphone6_portrait_750x1334.png */ = {isa = PBXFileReference; lastKnownFileType = image.png; path = iphone6_portrait_750x1334.png; sourceTree = "<group>"; };
		5E57E6FD1F747D6500B83A7D /* iphone6+_portrait_1242x2208.png */ = {isa = PBXFileReference; lastKnownFileType = image.png; path = "iphone6+_portrait_1242x2208.png"; sourceTree = "<group>"; };
		5E57E6FE1F747D6500B83A7D /* throttle_bkg_iphone35_land.png */ = {isa = PBXFileReference; lastKnownFileType = image.png; path = throttle_bkg_iphone35_land.png; sourceTree = "<group>"; };
		5E57E6FF1F747D6500B83A7D /* throttle_bkg_iphone35_land@2x.png */ = {isa = PBXFileReference; lastKnownFileType = image.png; path = "throttle_bkg_iphone35_land@2x.png"; sourceTree = "<group>"; };
		5E57E7001F747D6500B83A7D /* throttle_bkg_iphone35.png */ = {isa = PBXFileReference; lastKnownFileType = image.png; path = throttle_bkg_iphone35.png; sourceTree = "<group>"; };
		5E57E7011F747D6500B83A7D /* throttle_bkg_iphone35@2x.png */ = {isa = PBXFileReference; lastKnownFileType = image.png; path = "throttle_bkg_iphone35@2x.png"; sourceTree = "<group>"; };
		5E57E7021F747D6500B83A7D /* throttle_bkg_iphone40_land.png */ = {isa = PBXFileReference; lastKnownFileType = image.png; path = throttle_bkg_iphone40_land.png; sourceTree = "<group>"; };
		5E57E7031F747D6500B83A7D /* throttle_bkg_iphone40_land@2x.png */ = {isa = PBXFileReference; lastKnownFileType = image.png; path = "throttle_bkg_iphone40_land@2x.png"; sourceTree = "<group>"; };
		5E57E7041F747D6500B83A7D /* throttle_bkg_iphone40.png */ = {isa = PBXFileReference; lastKnownFileType = image.png; path = throttle_bkg_iphone40.png; sourceTree = "<group>"; };
		5E57E7051F747D6500B83A7D /* throttle_bkg_iphone40@2x.png */ = {isa = PBXFileReference; lastKnownFileType = image.png; path = "throttle_bkg_iphone40@2x.png"; sourceTree = "<group>"; };
		5E57E7061F747D6500B83A7D /* throttle_bkg_itouch35_land.png */ = {isa = PBXFileReference; lastKnownFileType = image.png; path = throttle_bkg_itouch35_land.png; sourceTree = "<group>"; };
		5E57E7071F747D6500B83A7D /* throttle_bkg_itouch35_land@2x.png */ = {isa = PBXFileReference; lastKnownFileType = image.png; path = "throttle_bkg_itouch35_land@2x.png"; sourceTree = "<group>"; };
		5E57E7081F747D6500B83A7D /* throttle_bkg_itouch35.png */ = {isa = PBXFileReference; lastKnownFileType = image.png; path = throttle_bkg_itouch35.png; sourceTree = "<group>"; };
		5E57E7091F747D6500B83A7D /* throttle_bkg_itouch35@2x.png */ = {isa = PBXFileReference; lastKnownFileType = image.png; path = "throttle_bkg_itouch35@2x.png"; sourceTree = "<group>"; };
		5E57E70A1F747D6500B83A7D /* throttle_bkg_itouch40_land.png */ = {isa = PBXFileReference; lastKnownFileType = image.png; path = throttle_bkg_itouch40_land.png; sourceTree = "<group>"; };
		5E57E70B1F747D6500B83A7D /* throttle_bkg_itouch40_land@2x.png */ = {isa = PBXFileReference; lastKnownFileType = image.png; path = "throttle_bkg_itouch40_land@2x.png"; sourceTree = "<group>"; };
		5E57E70C1F747D6500B83A7D /* throttle_bkg_itouch40.png */ = {isa = PBXFileReference; lastKnownFileType = image.png; path = throttle_bkg_itouch40.png; sourceTree = "<group>"; };
		5E57E70D1F747D6500B83A7D /* throttle_bkg_itouch40@2x.png */ = {isa = PBXFileReference; lastKnownFileType = image.png; path = "throttle_bkg_itouch40@2x.png"; sourceTree = "<group>"; };
		5E57E70E1F747D6500B83A7D /* wheel_fullbkg.png */ = {isa = PBXFileReference; lastKnownFileType = image.png; path = wheel_fullbkg.png; sourceTree = "<group>"; };
		5E57E7441F747DD600B83A7D /* background33.png */ = {isa = PBXFileReference; lastKnownFileType = image.png; path = background33.png; sourceTree = "<group>"; };
		5E8F6D431F7D785700FDE99F /* BtUtil.swift */ = {isa = PBXFileReference; lastKnownFileType = sourcecode.swift; path = BtUtil.swift; sourceTree = "<group>"; };
		5E8F6D491F7D7B2A00FDE99F /* CoreBluetooth.framework */ = {isa = PBXFileReference; lastKnownFileType = wrapper.framework; name = CoreBluetooth.framework; path = System/Library/Frameworks/CoreBluetooth.framework; sourceTree = SDKROOT; };
		5E8F6D4B1F7D7B3500FDE99F /* CoreLocation.framework */ = {isa = PBXFileReference; lastKnownFileType = wrapper.framework; name = CoreLocation.framework; path = System/Library/Frameworks/CoreLocation.framework; sourceTree = SDKROOT; };
		5EB54C881F7330E9008D9373 /* FuelPak BLE.app */ = {isa = PBXFileReference; explicitFileType = wrapper.application; includeInIndex = 0; path = "FuelPak BLE.app"; sourceTree = BUILT_PRODUCTS_DIR; };
		5EB54C8B1F7330E9008D9373 /* AppDelegate.swift */ = {isa = PBXFileReference; lastKnownFileType = sourcecode.swift; path = AppDelegate.swift; sourceTree = "<group>"; };
		5EB54C8D1F7330E9008D9373 /* ViewController.swift */ = {isa = PBXFileReference; lastKnownFileType = sourcecode.swift; path = ViewController.swift; sourceTree = "<group>"; };
		5EB54C901F7330E9008D9373 /* Base */ = {isa = PBXFileReference; lastKnownFileType = file.storyboard; name = Base; path = Base.lproj/Main.storyboard; sourceTree = "<group>"; };
		5EB54C921F7330E9008D9373 /* Assets.xcassets */ = {isa = PBXFileReference; lastKnownFileType = folder.assetcatalog; path = Assets.xcassets; sourceTree = "<group>"; };
		5EB54C951F7330E9008D9373 /* Base */ = {isa = PBXFileReference; lastKnownFileType = file.storyboard; name = Base; path = Base.lproj/LaunchScreen.storyboard; sourceTree = "<group>"; };
		5EB54C971F7330E9008D9373 /* Info.plist */ = {isa = PBXFileReference; lastKnownFileType = text.plist.xml; path = Info.plist; sourceTree = "<group>"; };
		5ED6EF181F75672300380934 /* TCCellData.h */ = {isa = PBXFileReference; fileEncoding = 4; lastKnownFileType = sourcecode.c.h; path = TCCellData.h; sourceTree = "<group>"; };
		5ED6EF191F75672300380934 /* TCCellData.m */ = {isa = PBXFileReference; fileEncoding = 4; lastKnownFileType = sourcecode.c.objc; path = TCCellData.m; sourceTree = "<group>"; };
		5ED6EF251F75872000380934 /* bafflename.plist */ = {isa = PBXFileReference; fileEncoding = 4; lastKnownFileType = text.plist.xml; path = bafflename.plist; sourceTree = "<group>"; };
		5ED6EF261F75872000380934 /* dialcodes.plist */ = {isa = PBXFileReference; fileEncoding = 4; lastKnownFileType = text.plist.xml; path = dialcodes.plist; sourceTree = "<group>"; };
		5ED6EF271F75872000380934 /* dtc2011softail.plist */ = {isa = PBXFileReference; fileEncoding = 4; lastKnownFileType = text.plist.xml; path = dtc2011softail.plist; sourceTree = "<group>"; };
		5ED6EF281F75872000380934 /* dtc2012dyna.plist */ = {isa = PBXFileReference; fileEncoding = 4; lastKnownFileType = text.plist.xml; path = dtc2012dyna.plist; sourceTree = "<group>"; };
		5ED6EF291F75872000380934 /* dtc2012softail.plist */ = {isa = PBXFileReference; fileEncoding = 4; lastKnownFileType = text.plist.xml; path = dtc2012softail.plist; sourceTree = "<group>"; };
		5ED6EF2A1F75872000380934 /* dtc2013dyna.plist */ = {isa = PBXFileReference; fileEncoding = 4; lastKnownFileType = text.plist.xml; path = dtc2013dyna.plist; sourceTree = "<group>"; };
		5ED6EF2B1F75872000380934 /* dtc2013softail.plist */ = {isa = PBXFileReference; fileEncoding = 4; lastKnownFileType = text.plist.xml; path = dtc2013softail.plist; sourceTree = "<group>"; };
		5ED6EF2C1F75872000380934 /* dtc2014sportster.plist */ = {isa = PBXFileReference; fileEncoding = 4; lastKnownFileType = text.plist.xml; path = dtc2014sportster.plist; sourceTree = "<group>"; };
		5ED6EF2D1F75872000380934 /* dtc2014touring.plist */ = {isa = PBXFileReference; fileEncoding = 4; lastKnownFileType = text.plist.xml; path = dtc2014touring.plist; sourceTree = "<group>"; };
		5ED6EF2E1F75872000380934 /* dtc_generic.plist */ = {isa = PBXFileReference; fileEncoding = 4; lastKnownFileType = text.plist.xml; path = dtc_generic.plist; sourceTree = "<group>"; };
		5ED6EF2F1F75872000380934 /* dtcdic.plist */ = {isa = PBXFileReference; fileEncoding = 4; lastKnownFileType = text.plist.xml; path = dtcdic.plist; sourceTree = "<group>"; };
		5ED6EF391F75872000380934 /* livedata.plist */ = {isa = PBXFileReference; fileEncoding = 4; lastKnownFileType = text.plist.xml; path = livedata.plist; sourceTree = "<group>"; };
		5ED6EF3A1F75872000380934 /* livedata0.plist */ = {isa = PBXFileReference; fileEncoding = 4; lastKnownFileType = text.plist.xml; path = livedata0.plist; sourceTree = "<group>"; };
		5ED6EF3B1F75872000380934 /* livedata1.plist */ = {isa = PBXFileReference; fileEncoding = 4; lastKnownFileType = text.plist.xml; path = livedata1.plist; sourceTree = "<group>"; };
		5ED6EF3C1F75872000380934 /* livedata1_J1850.plist */ = {isa = PBXFileReference; fileEncoding = 4; lastKnownFileType = text.plist.xml; path = livedata1_J1850.plist; sourceTree = "<group>"; };
		5ED6EF3D1F75872000380934 /* livedata2.plist */ = {isa = PBXFileReference; fileEncoding = 4; lastKnownFileType = text.plist.xml; path = livedata2.plist; sourceTree = "<group>"; };
		5ED6EF3E1F75872000380934 /* livedata3.plist */ = {isa = PBXFileReference; fileEncoding = 4; lastKnownFileType = text.plist.xml; path = livedata3.plist; sourceTree = "<group>"; };
		5EF6AEB01F7D5E7A000AA782 /* DoneCancelNumberPadToolbar.h */ = {isa = PBXFileReference; lastKnownFileType = sourcecode.c.h; path = DoneCancelNumberPadToolbar.h; sourceTree = "<group>"; };
		5EF6AEB11F7D5E7A000AA782 /* DoneCancelNumberPadToolbar.m */ = {isa = PBXFileReference; lastKnownFileType = sourcecode.c.objc; path = DoneCancelNumberPadToolbar.m; sourceTree = "<group>"; };
		5EF6AEB21F7D5E7A000AA782 /* EAController.h */ = {isa = PBXFileReference; lastKnownFileType = sourcecode.c.h; path = EAController.h; sourceTree = "<group>"; };
		5EF6AEB31F7D5E7A000AA782 /* EAController.m */ = {isa = PBXFileReference; lastKnownFileType = sourcecode.c.objc; path = EAController.m; sourceTree = "<group>"; };
		5EF6AEB41F7D5E7A000AA782 /* UIButton+Glossy.h */ = {isa = PBXFileReference; lastKnownFileType = sourcecode.c.h; path = "UIButton+Glossy.h"; sourceTree = "<group>"; };
		5EF6AEB51F7D5E7A000AA782 /* UIButton+Glossy.m */ = {isa = PBXFileReference; lastKnownFileType = sourcecode.c.objc; path = "UIButton+Glossy.m"; sourceTree = "<group>"; };
		5EF6AEB61F7D5E7A000AA782 /* Util.h */ = {isa = PBXFileReference; lastKnownFileType = sourcecode.c.h; path = Util.h; sourceTree = "<group>"; };
		5EF6AEB71F7D5E7A000AA782 /* Util.m */ = {isa = PBXFileReference; lastKnownFileType = sourcecode.c.objc; path = Util.m; sourceTree = "<group>"; };
		5EF8CB441F74245700D5FDBF /* FuelPak BLE-Bridging-Header.h */ = {isa = PBXFileReference; lastKnownFileType = sourcecode.c.h; path = "FuelPak BLE-Bridging-Header.h"; sourceTree = "<group>"; };
		5EF8CB451F74245700D5FDBF /* DTCViewController.h */ = {isa = PBXFileReference; fileEncoding = 4; lastKnownFileType = sourcecode.c.h; path = DTCViewController.h; sourceTree = "<group>"; };
		5EF8CB461F74245700D5FDBF /* DTCViewController.m */ = {isa = PBXFileReference; fileEncoding = 4; lastKnownFileType = sourcecode.c.objc; path = DTCViewController.m; sourceTree = "<group>"; };
		5EF8CB491F74262A00D5FDBF /* GCDiscreetNotificationView.h */ = {isa = PBXFileReference; fileEncoding = 4; lastKnownFileType = sourcecode.c.h; path = GCDiscreetNotificationView.h; sourceTree = "<group>"; };
		5EF8CB4A1F74262A00D5FDBF /* GCDiscreetNotificationView.m */ = {isa = PBXFileReference; fileEncoding = 4; lastKnownFileType = sourcecode.c.objc; path = GCDiscreetNotificationView.m; sourceTree = "<group>"; };
		5EF8CB511F742B6000D5FDBF /* nav_back.png */ = {isa = PBXFileReference; lastKnownFileType = image.png; path = nav_back.png; sourceTree = "<group>"; };
		5EF8CB521F742B6000D5FDBF /* nav_back@2x.png */ = {isa = PBXFileReference; lastKnownFileType = image.png; path = "nav_back@2x.png"; sourceTree = "<group>"; };
		5EF8CB531F742B6000D5FDBF /* nav_bulkedit.png */ = {isa = PBXFileReference; lastKnownFileType = image.png; path = nav_bulkedit.png; sourceTree = "<group>"; };
		5EF8CB541F742B6000D5FDBF /* nav_bulkedit@2x.png */ = {isa = PBXFileReference; lastKnownFileType = image.png; path = "nav_bulkedit@2x.png"; sourceTree = "<group>"; };
		5EF8CB551F742B6000D5FDBF /* nav_down.png */ = {isa = PBXFileReference; lastKnownFileType = image.png; path = nav_down.png; sourceTree = "<group>"; };
		5EF8CB561F742B6000D5FDBF /* nav_down@2x.png */ = {isa = PBXFileReference; lastKnownFileType = image.png; path = "nav_down@2x.png"; sourceTree = "<group>"; };
		5EF8CB571F742B6000D5FDBF /* nav_flash.png */ = {isa = PBXFileReference; lastKnownFileType = image.png; path = nav_flash.png; sourceTree = "<group>"; };
		5EF8CB581F742B6000D5FDBF /* nav_flash@2x.png */ = {isa = PBXFileReference; lastKnownFileType = image.png; path = "nav_flash@2x.png"; sourceTree = "<group>"; };
		5EF8CB591F742B6000D5FDBF /* nav_home.png */ = {isa = PBXFileReference; lastKnownFileType = image.png; path = nav_home.png; sourceTree = "<group>"; };
		5EF8CB5A1F742B6000D5FDBF /* nav_home@2x.png */ = {isa = PBXFileReference; lastKnownFileType = image.png; path = "nav_home@2x.png"; sourceTree = "<group>"; };
		5EF8CB5B1F742B6000D5FDBF /* nav_info.png */ = {isa = PBXFileReference; lastKnownFileType = image.png; path = nav_info.png; sourceTree = "<group>"; };
		5EF8CB5C1F742B6000D5FDBF /* nav_info4.png */ = {isa = PBXFileReference; lastKnownFileType = image.png; path = nav_info4.png; sourceTree = "<group>"; };
		5EF8CB5D1F742B6000D5FDBF /* nav_info4@2x.png */ = {isa = PBXFileReference; lastKnownFileType = image.png; path = "nav_info4@2x.png"; sourceTree = "<group>"; };
		5EF8CB5E1F742B6000D5FDBF /* nav_info@2x.png */ = {isa = PBXFileReference; lastKnownFileType = image.png; path = "nav_info@2x.png"; sourceTree = "<group>"; };
		5EF8CB5F1F742B6000D5FDBF /* nav_link.png */ = {isa = PBXFileReference; lastKnownFileType = image.png; path = nav_link.png; sourceTree = "<group>"; };
		5EF8CB601F742B6000D5FDBF /* nav_link@2x.png */ = {isa = PBXFileReference; lastKnownFileType = image.png; path = "nav_link@2x.png"; sourceTree = "<group>"; };
		5EF8CB611F742B6000D5FDBF /* nav_refresh.png */ = {isa = PBXFileReference; lastKnownFileType = image.png; path = nav_refresh.png; sourceTree = "<group>"; };
		5EF8CB621F742B6000D5FDBF /* nav_refresh@2x.png */ = {isa = PBXFileReference; lastKnownFileType = image.png; path = "nav_refresh@2x.png"; sourceTree = "<group>"; };
		5EF8CB631F742B6000D5FDBF /* nav_right.png */ = {isa = PBXFileReference; lastKnownFileType = image.png; path = nav_right.png; sourceTree = "<group>"; };
		5EF8CB641F742B6000D5FDBF /* nav_right@2x.png */ = {isa = PBXFileReference; lastKnownFileType = image.png; path = "nav_right@2x.png"; sourceTree = "<group>"; };
		5EF8CB651F742B6000D5FDBF /* nav_save.png */ = {isa = PBXFileReference; lastKnownFileType = image.png; path = nav_save.png; sourceTree = "<group>"; };
		5EF8CB661F742B6000D5FDBF /* nav_save@2x.png */ = {isa = PBXFileReference; lastKnownFileType = image.png; path = "nav_save@2x.png"; sourceTree = "<group>"; };
		5EF8CB671F742B6000D5FDBF /* nav_trash.png */ = {isa = PBXFileReference; lastKnownFileType = image.png; path = nav_trash.png; sourceTree = "<group>"; };
		5EF8CB681F742B6000D5FDBF /* nav_trash@2x.png */ = {isa = PBXFileReference; lastKnownFileType = image.png; path = "nav_trash@2x.png"; sourceTree = "<group>"; };
		5EF8CB691F742B6000D5FDBF /* nav_undo.png */ = {isa = PBXFileReference; lastKnownFileType = image.png; path = nav_undo.png; sourceTree = "<group>"; };
		5EF8CB6A1F742B6000D5FDBF /* nav_undo@2x.png */ = {isa = PBXFileReference; lastKnownFileType = image.png; path = "nav_undo@2x.png"; sourceTree = "<group>"; };
/* End PBXFileReference section */

/* Begin PBXFrameworksBuildPhase section */
		5EB54C851F7330E9008D9373 /* Frameworks */ = {
			isa = PBXFrameworksBuildPhase;
			buildActionMask = 2147483647;
			files = (
				5E8F6D4C1F7D7B3500FDE99F /* CoreLocation.framework in Frameworks */,
				5E8F6D4A1F7D7B2A00FDE99F /* CoreBluetooth.framework in Frameworks */,
			);
			runOnlyForDeploymentPostprocessing = 0;
		};
/* End PBXFrameworksBuildPhase section */

/* Begin PBXGroup section */
		5E8F6D421F7D6B1D00FDE99F /* Peripheral */ = {
			isa = PBXGroup;
			children = (
			);
			path = Peripheral;
			sourceTree = "<group>";
		};
		5E8F6D481F7D7B2A00FDE99F /* Frameworks */ = {
			isa = PBXGroup;
			children = (
				5E8F6D4B1F7D7B3500FDE99F /* CoreLocation.framework */,
				5E8F6D491F7D7B2A00FDE99F /* CoreBluetooth.framework */,
			);
			name = Frameworks;
			sourceTree = "<group>";
		};
		5EB54C7F1F7330E9008D9373 = {
			isa = PBXGroup;
			children = (
				5EB54C8A1F7330E9008D9373 /* FuelPak BLE */,
				5EB54C891F7330E9008D9373 /* Products */,
				5E8F6D481F7D7B2A00FDE99F /* Frameworks */,
			);
			sourceTree = "<group>";
		};
		5EB54C891F7330E9008D9373 /* Products */ = {
			isa = PBXGroup;
			children = (
				5EB54C881F7330E9008D9373 /* FuelPak BLE.app */,
			);
			name = Products;
			sourceTree = "<group>";
		};
		5EB54C8A1F7330E9008D9373 /* FuelPak BLE */ = {
			isa = PBXGroup;
			children = (
				5E8F6D421F7D6B1D00FDE99F /* Peripheral */,
				5EF6AEAF1F7D5E7A000AA782 /* Lib */,
				5EF8CB4C1F742B6000D5FDBF /* Supporting Files */,
				5EF8CB481F74249400D5FDBF /* GGDiscreetNotificationView */,
				5EF8CB421F74242800D5FDBF /* View Sensor Data */,
				5EF8CB411F74242000D5FDBF /* Read DTC */,
				5EF8CB401F74241300D5FDBF /* Bluetooth */,
				5EB54C8B1F7330E9008D9373 /* AppDelegate.swift */,
				5EB54C8D1F7330E9008D9373 /* ViewController.swift */,
				5EB54C8F1F7330E9008D9373 /* Main.storyboard */,
				5EB54C921F7330E9008D9373 /* Assets.xcassets */,
				5EB54C941F7330E9008D9373 /* LaunchScreen.storyboard */,
				5EB54C971F7330E9008D9373 /* Info.plist */,
			);
			path = "FuelPak BLE";
			sourceTree = "<group>";
		};
		5ED6EF241F75872000380934 /* plist */ = {
			isa = PBXGroup;
			children = (
				5ED6EF251F75872000380934 /* bafflename.plist */,
				5ED6EF261F75872000380934 /* dialcodes.plist */,
				5ED6EF271F75872000380934 /* dtc2011softail.plist */,
				5ED6EF281F75872000380934 /* dtc2012dyna.plist */,
				5ED6EF291F75872000380934 /* dtc2012softail.plist */,
				5ED6EF2A1F75872000380934 /* dtc2013dyna.plist */,
				5ED6EF2B1F75872000380934 /* dtc2013softail.plist */,
				5ED6EF2C1F75872000380934 /* dtc2014sportster.plist */,
				5ED6EF2D1F75872000380934 /* dtc2014touring.plist */,
				5ED6EF2E1F75872000380934 /* dtc_generic.plist */,
				5ED6EF2F1F75872000380934 /* dtcdic.plist */,
				5ED6EF391F75872000380934 /* livedata.plist */,
				5ED6EF3A1F75872000380934 /* livedata0.plist */,
				5ED6EF3B1F75872000380934 /* livedata1.plist */,
				5ED6EF3C1F75872000380934 /* livedata1_J1850.plist */,
				5ED6EF3D1F75872000380934 /* livedata2.plist */,
				5ED6EF3E1F75872000380934 /* livedata3.plist */,
			);
			path = plist;
			sourceTree = "<group>";
		};
		5EF6AEAF1F7D5E7A000AA782 /* Lib */ = {
			isa = PBXGroup;
			children = (
				5EF6AEB01F7D5E7A000AA782 /* DoneCancelNumberPadToolbar.h */,
				5EF6AEB11F7D5E7A000AA782 /* DoneCancelNumberPadToolbar.m */,
				5EF6AEB21F7D5E7A000AA782 /* EAController.h */,
				5EF6AEB31F7D5E7A000AA782 /* EAController.m */,
				5EF6AEB41F7D5E7A000AA782 /* UIButton+Glossy.h */,
				5EF6AEB51F7D5E7A000AA782 /* UIButton+Glossy.m */,
				5EF6AEB61F7D5E7A000AA782 /* Util.h */,
				5EF6AEB71F7D5E7A000AA782 /* Util.m */,
			);
			path = Lib;
			sourceTree = "<group>";
		};
		5EF8CB401F74241300D5FDBF /* Bluetooth */ = {
			isa = PBXGroup;
			children = (
				5E8F6D431F7D785700FDE99F /* BtUtil.swift */,
			);
			path = Bluetooth;
			sourceTree = "<group>";
		};
		5EF8CB411F74242000D5FDBF /* Read DTC */ = {
			isa = PBXGroup;
			children = (
				5EF8CB451F74245700D5FDBF /* DTCViewController.h */,
				5EF8CB461F74245700D5FDBF /* DTCViewController.m */,
				5EF8CB441F74245700D5FDBF /* FuelPak BLE-Bridging-Header.h */,
				5ED6EF181F75672300380934 /* TCCellData.h */,
				5ED6EF191F75672300380934 /* TCCellData.m */,
			);
			path = "Read DTC";
			sourceTree = "<group>";
		};
		5EF8CB421F74242800D5FDBF /* View Sensor Data */ = {
			isa = PBXGroup;
			children = (
			);
			path = "View Sensor Data";
			sourceTree = "<group>";
		};
		5EF8CB481F74249400D5FDBF /* GGDiscreetNotificationView */ = {
			isa = PBXGroup;
			children = (
				5EF8CB491F74262A00D5FDBF /* GCDiscreetNotificationView.h */,
				5EF8CB4A1F74262A00D5FDBF /* GCDiscreetNotificationView.m */,
			);
			path = GGDiscreetNotificationView;
			sourceTree = "<group>";
		};
		5EF8CB4C1F742B6000D5FDBF /* Supporting Files */ = {
			isa = PBXGroup;
			children = (
				5ED6EF241F75872000380934 /* plist */,
				5EF8CB4D1F742B6000D5FDBF /* Background */,
				5EF8CB4E1F742B6000D5FDBF /* Gauge */,
				5EF8CB4F1F742B6000D5FDBF /* Icon */,
				5EF8CB501F742B6000D5FDBF /* Nav */,
				5EF8CB6B1F742B6000D5FDBF /* Wheel */,
			);
			path = "Supporting Files";
			sourceTree = "<group>";
		};
		5EF8CB4D1F742B6000D5FDBF /* Background */ = {
			isa = PBXGroup;
			children = (
				5E57E7441F747DD600B83A7D /* background33.png */,
				5E57E6DA1F747D6500B83A7D /* background_square.png */,
				5E57E6DB1F747D6500B83A7D /* background33.png */,
				5E57E6DC1F747D6500B83A7D /* background36_568h.png */,
				5E57E6DD1F747D6500B83A7D /* background36_568h@2x.png */,
				5E57E6DE1F747D6500B83A7D /* background36.png */,
				5E57E6DF1F747D6500B83A7D /* background36@2x.png */,
				5E57E6E01F747D6500B83A7D /* brushed_aluminum.png */,
				5E57E6E11F747D6500B83A7D /* Default-568h@2x.png */,
				5E57E6E21F747D6500B83A7D /* Default.png */,
				5E57E6E31F747D6500B83A7D /* Default~iphone.png */,
				5E57E6E41F747D6500B83A7D /* gauge_bkg_iphone35_land.png */,
				5E57E6E51F747D6500B83A7D /* gauge_bkg_iphone35_land@2x.png */,
				5E57E6E61F747D6500B83A7D /* gauge_bkg_iphone35.png */,
				5E57E6E71F747D6500B83A7D /* gauge_bkg_iphone35@2x.png */,
				5E57E6E81F747D6500B83A7D /* gauge_bkg_iphone40_land.png */,
				5E57E6E91F747D6500B83A7D /* gauge_bkg_iphone40_land@2x.png */,
				5E57E6EA1F747D6500B83A7D /* gauge_bkg_iphone40.png */,
				5E57E6EB1F747D6500B83A7D /* gauge_bkg_iphone40@2x.png */,
				5E57E6EC1F747D6500B83A7D /* gauge_bkg_itouch35_land.png */,
				5E57E6ED1F747D6500B83A7D /* gauge_bkg_itouch35_land@2x.png */,
				5E57E6EE1F747D6500B83A7D /* gauge_bkg_itouch35.png */,
				5E57E6EF1F747D6500B83A7D /* gauge_bkg_itouch35@2x.png */,
				5E57E6F01F747D6500B83A7D /* gauge_bkg_itouch40_land.png */,
				5E57E6F11F747D6500B83A7D /* gauge_bkg_itouch40_land@2x.png */,
				5E57E6F21F747D6500B83A7D /* gauge_bkg_itouch40.png */,
				5E57E6F31F747D6500B83A7D /* gauge_bkg_itouch40@2x.png */,
				5E57E6F41F747D6500B83A7D /* ipad_landscape_1024x748.png */,
				5E57E6F51F747D6500B83A7D /* ipad_landscape_1024x748@2x.png */,
				5E57E6F61F747D6500B83A7D /* ipad_landscape_1024x768.png */,
				5E57E6F71F747D6500B83A7D /* ipad_landscape_1024x768@2x.png */,
				5E57E6F81F747D6500B83A7D /* ipad_portrait_768x1004.png */,
				5E57E6F91F747D6500B83A7D /* ipad_portrait_768x1004@2x.png */,
				5E57E6FA1F747D6500B83A7D /* ipad_portrait_768x1024.png */,
				5E57E6FB1F747D6500B83A7D /* ipad_portrait_768x1024@2x.png */,
				5E57E6FC1F747D6500B83A7D /* iphone6_portrait_750x1334.png */,
				5E57E6FD1F747D6500B83A7D /* iphone6+_portrait_1242x2208.png */,
				5E57E6FE1F747D6500B83A7D /* throttle_bkg_iphone35_land.png */,
				5E57E6FF1F747D6500B83A7D /* throttle_bkg_iphone35_land@2x.png */,
				5E57E7001F747D6500B83A7D /* throttle_bkg_iphone35.png */,
				5E57E7011F747D6500B83A7D /* throttle_bkg_iphone35@2x.png */,
				5E57E7021F747D6500B83A7D /* throttle_bkg_iphone40_land.png */,
				5E57E7031F747D6500B83A7D /* throttle_bkg_iphone40_land@2x.png */,
				5E57E7041F747D6500B83A7D /* throttle_bkg_iphone40.png */,
				5E57E7051F747D6500B83A7D /* throttle_bkg_iphone40@2x.png */,
				5E57E7061F747D6500B83A7D /* throttle_bkg_itouch35_land.png */,
				5E57E7071F747D6500B83A7D /* throttle_bkg_itouch35_land@2x.png */,
				5E57E7081F747D6500B83A7D /* throttle_bkg_itouch35.png */,
				5E57E7091F747D6500B83A7D /* throttle_bkg_itouch35@2x.png */,
				5E57E70A1F747D6500B83A7D /* throttle_bkg_itouch40_land.png */,
				5E57E70B1F747D6500B83A7D /* throttle_bkg_itouch40_land@2x.png */,
				5E57E70C1F747D6500B83A7D /* throttle_bkg_itouch40.png */,
				5E57E70D1F747D6500B83A7D /* throttle_bkg_itouch40@2x.png */,
				5E57E70E1F747D6500B83A7D /* wheel_fullbkg.png */,
			);
			path = Background;
			sourceTree = "<group>";
		};
		5EF8CB4E1F742B6000D5FDBF /* Gauge */ = {
			isa = PBXGroup;
			children = (
			);
			path = Gauge;
			sourceTree = "<group>";
		};
		5EF8CB4F1F742B6000D5FDBF /* Icon */ = {
			isa = PBXGroup;
			children = (
			);
			path = Icon;
			sourceTree = "<group>";
		};
		5EF8CB501F742B6000D5FDBF /* Nav */ = {
			isa = PBXGroup;
			children = (
				5EF8CB511F742B6000D5FDBF /* nav_back.png */,
				5EF8CB521F742B6000D5FDBF /* nav_back@2x.png */,
				5EF8CB531F742B6000D5FDBF /* nav_bulkedit.png */,
				5EF8CB541F742B6000D5FDBF /* nav_bulkedit@2x.png */,
				5EF8CB551F742B6000D5FDBF /* nav_down.png */,
				5EF8CB561F742B6000D5FDBF /* nav_down@2x.png */,
				5EF8CB571F742B6000D5FDBF /* nav_flash.png */,
				5EF8CB581F742B6000D5FDBF /* nav_flash@2x.png */,
				5EF8CB591F742B6000D5FDBF /* nav_home.png */,
				5EF8CB5A1F742B6000D5FDBF /* nav_home@2x.png */,
				5EF8CB5B1F742B6000D5FDBF /* nav_info.png */,
				5EF8CB5C1F742B6000D5FDBF /* nav_info4.png */,
				5EF8CB5D1F742B6000D5FDBF /* nav_info4@2x.png */,
				5EF8CB5E1F742B6000D5FDBF /* nav_info@2x.png */,
				5EF8CB5F1F742B6000D5FDBF /* nav_link.png */,
				5EF8CB601F742B6000D5FDBF /* nav_link@2x.png */,
				5EF8CB611F742B6000D5FDBF /* nav_refresh.png */,
				5EF8CB621F742B6000D5FDBF /* nav_refresh@2x.png */,
				5EF8CB631F742B6000D5FDBF /* nav_right.png */,
				5EF8CB641F742B6000D5FDBF /* nav_right@2x.png */,
				5EF8CB651F742B6000D5FDBF /* nav_save.png */,
				5EF8CB661F742B6000D5FDBF /* nav_save@2x.png */,
				5EF8CB671F742B6000D5FDBF /* nav_trash.png */,
				5EF8CB681F742B6000D5FDBF /* nav_trash@2x.png */,
				5EF8CB691F742B6000D5FDBF /* nav_undo.png */,
				5EF8CB6A1F742B6000D5FDBF /* nav_undo@2x.png */,
			);
			path = Nav;
			sourceTree = "<group>";
		};
		5EF8CB6B1F742B6000D5FDBF /* Wheel */ = {
			isa = PBXGroup;
			children = (
			);
			path = Wheel;
			sourceTree = "<group>";
		};
/* End PBXGroup section */

/* Begin PBXNativeTarget section */
		5EB54C871F7330E9008D9373 /* FuelPak BLE */ = {
			isa = PBXNativeTarget;
			buildConfigurationList = 5EB54C9A1F7330E9008D9373 /* Build configuration list for PBXNativeTarget "FuelPak BLE" */;
			buildPhases = (
				5EB54C841F7330E9008D9373 /* Sources */,
				5EB54C851F7330E9008D9373 /* Frameworks */,
				5EB54C861F7330E9008D9373 /* Resources */,
			);
			buildRules = (
			);
			dependencies = (
			);
			name = "FuelPak BLE";
			productName = "FuelPak BLE";
			productReference = 5EB54C881F7330E9008D9373 /* FuelPak BLE.app */;
			productType = "com.apple.product-type.application";
		};
/* End PBXNativeTarget section */

/* Begin PBXProject section */
		5EB54C801F7330E9008D9373 /* Project object */ = {
			isa = PBXProject;
			attributes = {
				LastSwiftUpdateCheck = 0830;
				LastUpgradeCheck = 0830;
				ORGANIZATIONNAME = "Mike Saradeth";
				TargetAttributes = {
					5EB54C871F7330E9008D9373 = {
						CreatedOnToolsVersion = 8.3.3;
						DevelopmentTeam = LP46D328FV;
						LastSwiftMigration = 0900;
						ProvisioningStyle = Automatic;
						SystemCapabilities = {
							com.apple.BackgroundModes = {
								enabled = 1;
							};
						};
					};
				};
			};
			buildConfigurationList = 5EB54C831F7330E9008D9373 /* Build configuration list for PBXProject "FuelPak BLE" */;
			compatibilityVersion = "Xcode 3.2";
			developmentRegion = English;
			hasScannedForEncodings = 0;
			knownRegions = (
				en,
				Base,
			);
			mainGroup = 5EB54C7F1F7330E9008D9373;
			productRefGroup = 5EB54C891F7330E9008D9373 /* Products */;
			projectDirPath = "";
			projectRoot = "";
			targets = (
				5EB54C871F7330E9008D9373 /* FuelPak BLE */,
			);
		};
/* End PBXProject section */

/* Begin PBXResourcesBuildPhase section */
		5EB54C861F7330E9008D9373 /* Resources */ = {
			isa = PBXResourcesBuildPhase;
			buildActionMask = 2147483647;
			files = (
				5E57E7231F747D6500B83A7D /* gauge_bkg_itouch35.png in Resources */,
				5E57E72B1F747D6500B83A7D /* ipad_landscape_1024x768.png in Resources */,
				5ED6EF481F75872000380934 /* dtc_generic.plist in Resources */,
				5E57E7121F747D6500B83A7D /* background36_568h@2x.png in Resources */,
				5E57E7101F747D6500B83A7D /* background33.png in Resources */,
				5E57E7371F747D6500B83A7D /* throttle_bkg_iphone40_land.png in Resources */,
				5E57E7401F747D6500B83A7D /* throttle_bkg_itouch40_land@2x.png in Resources */,
				5E57E73B1F747D6500B83A7D /* throttle_bkg_itouch35_land.png in Resources */,
				5E57E7331F747D6500B83A7D /* throttle_bkg_iphone35_land.png in Resources */,
				5EF8CB7B1F742B6000D5FDBF /* nav_link@2x.png in Resources */,
				5ED6EF581F75872000380934 /* livedata3.plist in Resources */,
				5E57E7321F747D6500B83A7D /* iphone6+_portrait_1242x2208.png in Resources */,
				5E57E71F1F747D6500B83A7D /* gauge_bkg_iphone40.png in Resources */,
				5E57E7161F747D6500B83A7D /* Default-568h@2x.png in Resources */,
				5E57E73E1F747D6500B83A7D /* throttle_bkg_itouch35@2x.png in Resources */,
				5EF8CB741F742B6000D5FDBF /* nav_home.png in Resources */,
				5ED6EF401F75872000380934 /* dialcodes.plist in Resources */,
				5ED6EF571F75872000380934 /* livedata2.plist in Resources */,
				5E57E7261F747D6500B83A7D /* gauge_bkg_itouch40_land@2x.png in Resources */,
				5ED6EF471F75872000380934 /* dtc2014touring.plist in Resources */,
				5ED6EF431F75872000380934 /* dtc2012softail.plist in Resources */,
				5EF8CB781F742B6000D5FDBF /* nav_info4@2x.png in Resources */,
				5E57E73F1F747D6500B83A7D /* throttle_bkg_itouch40_land.png in Resources */,
				5EF8CB721F742B6000D5FDBF /* nav_flash.png in Resources */,
				5E57E72C1F747D6500B83A7D /* ipad_landscape_1024x768@2x.png in Resources */,
				5ED6EF491F75872000380934 /* dtcdic.plist in Resources */,
				5EF8CB7E1F742B6000D5FDBF /* nav_right.png in Resources */,
				5EF8CB6C1F742B6000D5FDBF /* nav_back.png in Resources */,
				5EF8CB6E1F742B6000D5FDBF /* nav_bulkedit.png in Resources */,
				5E57E7211F747D6500B83A7D /* gauge_bkg_itouch35_land.png in Resources */,
				5E57E7191F747D6500B83A7D /* gauge_bkg_iphone35_land.png in Resources */,
				5E57E73C1F747D6500B83A7D /* throttle_bkg_itouch35_land@2x.png in Resources */,
				5E57E71A1F747D6500B83A7D /* gauge_bkg_iphone35_land@2x.png in Resources */,
				5E57E73A1F747D6500B83A7D /* throttle_bkg_iphone40@2x.png in Resources */,
				5EF8CB851F742B6000D5FDBF /* nav_undo@2x.png in Resources */,
				5E57E7171F747D6500B83A7D /* Default.png in Resources */,
				5E57E72D1F747D6500B83A7D /* ipad_portrait_768x1004.png in Resources */,
				5ED6EF411F75872000380934 /* dtc2011softail.plist in Resources */,
				5E57E70F1F747D6500B83A7D /* background_square.png in Resources */,
				5E57E72A1F747D6500B83A7D /* ipad_landscape_1024x748@2x.png in Resources */,
				5E57E7151F747D6500B83A7D /* brushed_aluminum.png in Resources */,
				5E57E7421F747D6500B83A7D /* throttle_bkg_itouch40@2x.png in Resources */,
				5E57E7201F747D6500B83A7D /* gauge_bkg_iphone40@2x.png in Resources */,
				5EF8CB6F1F742B6000D5FDBF /* nav_bulkedit@2x.png in Resources */,
				5EF8CB701F742B6000D5FDBF /* nav_down.png in Resources */,
				5E57E7311F747D6500B83A7D /* iphone6_portrait_750x1334.png in Resources */,
				5E57E71D1F747D6500B83A7D /* gauge_bkg_iphone40_land.png in Resources */,
				5E57E72E1F747D6500B83A7D /* ipad_portrait_768x1004@2x.png in Resources */,
				5ED6EF541F75872000380934 /* livedata0.plist in Resources */,
				5E57E7361F747D6500B83A7D /* throttle_bkg_iphone35@2x.png in Resources */,
				5E57E7251F747D6500B83A7D /* gauge_bkg_itouch40_land.png in Resources */,
				5E57E7141F747D6500B83A7D /* background36@2x.png in Resources */,
				5E57E7181F747D6500B83A7D /* Default~iphone.png in Resources */,
				5EF8CB751F742B6000D5FDBF /* nav_home@2x.png in Resources */,
				5ED6EF461F75872000380934 /* dtc2014sportster.plist in Resources */,
				5E57E7341F747D6500B83A7D /* throttle_bkg_iphone35_land@2x.png in Resources */,
				5E57E7271F747D6500B83A7D /* gauge_bkg_itouch40.png in Resources */,
				5EF8CB821F742B6000D5FDBF /* nav_trash.png in Resources */,
				5ED6EF451F75872000380934 /* dtc2013softail.plist in Resources */,
				5EB54C961F7330E9008D9373 /* LaunchScreen.storyboard in Resources */,
				5EF8CB811F742B6000D5FDBF /* nav_save@2x.png in Resources */,
				5E57E7451F747DD600B83A7D /* background33.png in Resources */,
				5EF8CB731F742B6000D5FDBF /* nav_flash@2x.png in Resources */,
				5EF8CB7F1F742B6000D5FDBF /* nav_right@2x.png in Resources */,
				5E57E7241F747D6500B83A7D /* gauge_bkg_itouch35@2x.png in Resources */,
				5EF8CB831F742B6000D5FDBF /* nav_trash@2x.png in Resources */,
				5ED6EF561F75872000380934 /* livedata1_J1850.plist in Resources */,
				5EF8CB761F742B6000D5FDBF /* nav_info.png in Resources */,
				5E57E7221F747D6500B83A7D /* gauge_bkg_itouch35_land@2x.png in Resources */,
				5E57E73D1F747D6500B83A7D /* throttle_bkg_itouch35.png in Resources */,
				5E57E7351F747D6500B83A7D /* throttle_bkg_iphone35.png in Resources */,
				5E57E7281F747D6500B83A7D /* gauge_bkg_itouch40@2x.png in Resources */,
				5E57E7291F747D6500B83A7D /* ipad_landscape_1024x748.png in Resources */,
				5E57E7301F747D6500B83A7D /* ipad_portrait_768x1024@2x.png in Resources */,
				5E57E71C1F747D6500B83A7D /* gauge_bkg_iphone35@2x.png in Resources */,
				5ED6EF421F75872000380934 /* dtc2012dyna.plist in Resources */,
				5ED6EF3F1F75872000380934 /* bafflename.plist in Resources */,
				5ED6EF531F75872000380934 /* livedata.plist in Resources */,
				5EF8CB6D1F742B6000D5FDBF /* nav_back@2x.png in Resources */,
				5E57E7381F747D6500B83A7D /* throttle_bkg_iphone40_land@2x.png in Resources */,
				5EF8CB791F742B6000D5FDBF /* nav_info@2x.png in Resources */,
				5EF8CB771F742B6000D5FDBF /* nav_info4.png in Resources */,
				5E57E7131F747D6500B83A7D /* background36.png in Resources */,
				5E57E7431F747D6500B83A7D /* wheel_fullbkg.png in Resources */,
				5E57E7391F747D6500B83A7D /* throttle_bkg_iphone40.png in Resources */,
				5EF8CB7D1F742B6000D5FDBF /* nav_refresh@2x.png in Resources */,
				5ED6EF551F75872000380934 /* livedata1.plist in Resources */,
				5E57E7411F747D6500B83A7D /* throttle_bkg_itouch40.png in Resources */,
				5E57E71E1F747D6500B83A7D /* gauge_bkg_iphone40_land@2x.png in Resources */,
				5EF8CB841F742B6000D5FDBF /* nav_undo.png in Resources */,
				5EF8CB801F742B6000D5FDBF /* nav_save.png in Resources */,
				5EF8CB711F742B6000D5FDBF /* nav_down@2x.png in Resources */,
				5E57E7111F747D6500B83A7D /* background36_568h.png in Resources */,
				5E57E71B1F747D6500B83A7D /* gauge_bkg_iphone35.png in Resources */,
				5EB54C931F7330E9008D9373 /* Assets.xcassets in Resources */,
				5E57E72F1F747D6500B83A7D /* ipad_portrait_768x1024.png in Resources */,
				5EF8CB7C1F742B6000D5FDBF /* nav_refresh.png in Resources */,
				5EB54C911F7330E9008D9373 /* Main.storyboard in Resources */,
				5ED6EF441F75872000380934 /* dtc2013dyna.plist in Resources */,
				5EF8CB7A1F742B6000D5FDBF /* nav_link.png in Resources */,
			);
			runOnlyForDeploymentPostprocessing = 0;
		};
/* End PBXResourcesBuildPhase section */

/* Begin PBXSourcesBuildPhase section */
		5EB54C841F7330E9008D9373 /* Sources */ = {
			isa = PBXSourcesBuildPhase;
			buildActionMask = 2147483647;
			files = (
				5ED6EF1A1F75672300380934 /* TCCellData.m in Sources */,
				5EF8CB471F74245700D5FDBF /* DTCViewController.m in Sources */,
				5EB54C8E1F7330E9008D9373 /* ViewController.swift in Sources */,
				5EF8CB4B1F74262A00D5FDBF /* GCDiscreetNotificationView.m in Sources */,
				5EB54C8C1F7330E9008D9373 /* AppDelegate.swift in Sources */,
				5E8F6D441F7D785700FDE99F /* BtUtil.swift in Sources */,
			);
			runOnlyForDeploymentPostprocessing = 0;
		};
/* End PBXSourcesBuildPhase section */

/* Begin PBXVariantGroup section */
		5EB54C8F1F7330E9008D9373 /* Main.storyboard */ = {
			isa = PBXVariantGroup;
			children = (
				5EB54C901F7330E9008D9373 /* Base */,
			);
			name = Main.storyboard;
			sourceTree = "<group>";
		};
		5EB54C941F7330E9008D9373 /* LaunchScreen.storyboard */ = {
			isa = PBXVariantGroup;
			children = (
				5EB54C951F7330E9008D9373 /* Base */,
			);
			name = LaunchScreen.storyboard;
			sourceTree = "<group>";
		};
/* End PBXVariantGroup section */

/* Begin XCBuildConfiguration section */
		5EB54C981F7330E9008D9373 /* Debug */ = {
			isa = XCBuildConfiguration;
			buildSettings = {
				ALWAYS_SEARCH_USER_PATHS = NO;
				CLANG_ANALYZER_NONNULL = YES;
				CLANG_ANALYZER_NUMBER_OBJECT_CONVERSION = YES_AGGRESSIVE;
				CLANG_CXX_LANGUAGE_STANDARD = "gnu++0x";
				CLANG_CXX_LIBRARY = "libc++";
				CLANG_ENABLE_MODULES = YES;
				CLANG_ENABLE_OBJC_ARC = YES;
				CLANG_WARN_BOOL_CONVERSION = YES;
				CLANG_WARN_CONSTANT_CONVERSION = YES;
				CLANG_WARN_DIRECT_OBJC_ISA_USAGE = YES_ERROR;
				CLANG_WARN_DOCUMENTATION_COMMENTS = YES;
				CLANG_WARN_EMPTY_BODY = YES;
				CLANG_WARN_ENUM_CONVERSION = YES;
				CLANG_WARN_INFINITE_RECURSION = YES;
				CLANG_WARN_INT_CONVERSION = YES;
				CLANG_WARN_OBJC_ROOT_CLASS = YES_ERROR;
				CLANG_WARN_SUSPICIOUS_MOVE = YES;
				CLANG_WARN_UNREACHABLE_CODE = YES;
				CLANG_WARN__DUPLICATE_METHOD_MATCH = YES;
				"CODE_SIGN_IDENTITY[sdk=iphoneos*]" = "iPhone Developer";
				COPY_PHASE_STRIP = NO;
				DEBUG_INFORMATION_FORMAT = dwarf;
				ENABLE_STRICT_OBJC_MSGSEND = YES;
				ENABLE_TESTABILITY = YES;
				GCC_C_LANGUAGE_STANDARD = gnu99;
				GCC_DYNAMIC_NO_PIC = NO;
				GCC_NO_COMMON_BLOCKS = YES;
				GCC_OPTIMIZATION_LEVEL = 0;
				GCC_PREPROCESSOR_DEFINITIONS = (
					"DEBUG=1",
					"$(inherited)",
				);
				GCC_WARN_64_TO_32_BIT_CONVERSION = YES;
				GCC_WARN_ABOUT_RETURN_TYPE = YES_ERROR;
				GCC_WARN_UNDECLARED_SELECTOR = YES;
				GCC_WARN_UNINITIALIZED_AUTOS = YES_AGGRESSIVE;
				GCC_WARN_UNUSED_FUNCTION = YES;
				GCC_WARN_UNUSED_VARIABLE = YES;
				IPHONEOS_DEPLOYMENT_TARGET = 8.1;
				MTL_ENABLE_DEBUG_INFO = YES;
				ONLY_ACTIVE_ARCH = YES;
				SDKROOT = iphoneos;
				SWIFT_ACTIVE_COMPILATION_CONDITIONS = DEBUG;
				SWIFT_OPTIMIZATION_LEVEL = "-Onone";
				TARGETED_DEVICE_FAMILY = "1,2";
			};
			name = Debug;
		};
		5EB54C991F7330E9008D9373 /* Release */ = {
			isa = XCBuildConfiguration;
			buildSettings = {
				ALWAYS_SEARCH_USER_PATHS = NO;
				CLANG_ANALYZER_NONNULL = YES;
				CLANG_ANALYZER_NUMBER_OBJECT_CONVERSION = YES_AGGRESSIVE;
				CLANG_CXX_LANGUAGE_STANDARD = "gnu++0x";
				CLANG_CXX_LIBRARY = "libc++";
				CLANG_ENABLE_MODULES = YES;
				CLANG_ENABLE_OBJC_ARC = YES;
				CLANG_WARN_BOOL_CONVERSION = YES;
				CLANG_WARN_CONSTANT_CONVERSION = YES;
				CLANG_WARN_DIRECT_OBJC_ISA_USAGE = YES_ERROR;
				CLANG_WARN_DOCUMENTATION_COMMENTS = YES;
				CLANG_WARN_EMPTY_BODY = YES;
				CLANG_WARN_ENUM_CONVERSION = YES;
				CLANG_WARN_INFINITE_RECURSION = YES;
				CLANG_WARN_INT_CONVERSION = YES;
				CLANG_WARN_OBJC_ROOT_CLASS = YES_ERROR;
				CLANG_WARN_SUSPICIOUS_MOVE = YES;
				CLANG_WARN_UNREACHABLE_CODE = YES;
				CLANG_WARN__DUPLICATE_METHOD_MATCH = YES;
				"CODE_SIGN_IDENTITY[sdk=iphoneos*]" = "iPhone Developer";
				COPY_PHASE_STRIP = NO;
				DEBUG_INFORMATION_FORMAT = "dwarf-with-dsym";
				ENABLE_NS_ASSERTIONS = NO;
				ENABLE_STRICT_OBJC_MSGSEND = YES;
				GCC_C_LANGUAGE_STANDARD = gnu99;
				GCC_NO_COMMON_BLOCKS = YES;
				GCC_WARN_64_TO_32_BIT_CONVERSION = YES;
				GCC_WARN_ABOUT_RETURN_TYPE = YES_ERROR;
				GCC_WARN_UNDECLARED_SELECTOR = YES;
				GCC_WARN_UNINITIALIZED_AUTOS = YES_AGGRESSIVE;
				GCC_WARN_UNUSED_FUNCTION = YES;
				GCC_WARN_UNUSED_VARIABLE = YES;
				IPHONEOS_DEPLOYMENT_TARGET = 8.1;
				MTL_ENABLE_DEBUG_INFO = NO;
				SDKROOT = iphoneos;
				SWIFT_OPTIMIZATION_LEVEL = "-Owholemodule";
				TARGETED_DEVICE_FAMILY = "1,2";
				VALIDATE_PRODUCT = YES;
			};
			name = Release;
		};
		5EB54C9B1F7330E9008D9373 /* Debug */ = {
			isa = XCBuildConfiguration;
			buildSettings = {
				ASSETCATALOG_COMPILER_APPICON_NAME = AppIcon;
				ASSETCATALOG_COMPILER_LAUNCHIMAGE_NAME = LaunchImage;
				CLANG_ENABLE_MODULES = YES;
				DEVELOPMENT_TEAM = LP46D328FV;
				FRAMEWORK_SEARCH_PATHS = (
					"$(inherited)",
					"$(PROJECT_DIR)/FuelPak\\ BLE/Framework",
					"$(PROJECT_DIR)/FuelPak\\ BLE/Framework",
					"$(PROJECT_DIR)/FuelPak\\ BLE/Framework",
				);
				INFOPLIST_FILE = "FuelPak BLE/Info.plist";
				IPHONEOS_DEPLOYMENT_TARGET = 8.1;
				LD_RUNPATH_SEARCH_PATHS = "$(inherited) @executable_path/Frameworks";
				PRODUCT_BUNDLE_IDENTIFIER = "local.saradeth.mike.FuelPak-BLE";
				PRODUCT_NAME = "$(TARGET_NAME)";
				SWIFT_OBJC_BRIDGING_HEADER = "FuelPak BLE/Read DTC/FuelPak BLE-Bridging-Header.h";
				SWIFT_OPTIMIZATION_LEVEL = "-Onone";
				SWIFT_SWIFT3_OBJC_INFERENCE = On;
				SWIFT_VERSION = 4.0;
			};
			name = Debug;
		};
		5EB54C9C1F7330E9008D9373 /* Release */ = {
			isa = XCBuildConfiguration;
			buildSettings = {
				ASSETCATALOG_COMPILER_APPICON_NAME = AppIcon;
				ASSETCATALOG_COMPILER_LAUNCHIMAGE_NAME = LaunchImage;
				CLANG_ENABLE_MODULES = YES;
				DEVELOPMENT_TEAM = LP46D328FV;
				FRAMEWORK_SEARCH_PATHS = (
					"$(inherited)",
					"$(PROJECT_DIR)/FuelPak\\ BLE/Framework",
					"$(PROJECT_DIR)/FuelPak\\ BLE/Framework",
					"$(PROJECT_DIR)/FuelPak\\ BLE/Framework",
				);
				INFOPLIST_FILE = "FuelPak BLE/Info.plist";
				IPHONEOS_DEPLOYMENT_TARGET = 8.1;
				LD_RUNPATH_SEARCH_PATHS = "$(inherited) @executable_path/Frameworks";
				PRODUCT_BUNDLE_IDENTIFIER = "local.saradeth.mike.FuelPak-BLE";
				PRODUCT_NAME = "$(TARGET_NAME)";
				SWIFT_OBJC_BRIDGING_HEADER = "FuelPak BLE/Read DTC/FuelPak BLE-Bridging-Header.h";
				SWIFT_SWIFT3_OBJC_INFERENCE = On;
				SWIFT_VERSION = 4.0;
			};
			name = Release;
		};
/* End XCBuildConfiguration section */

/* Begin XCConfigurationList section */
		5EB54C831F7330E9008D9373 /* Build configuration list for PBXProject "FuelPak BLE" */ = {
			isa = XCConfigurationList;
			buildConfigurations = (
				5EB54C981F7330E9008D9373 /* Debug */,
				5EB54C991F7330E9008D9373 /* Release */,
			);
			defaultConfigurationIsVisible = 0;
			defaultConfigurationName = Release;
		};
		5EB54C9A1F7330E9008D9373 /* Build configuration list for PBXNativeTarget "FuelPak BLE" */ = {
			isa = XCConfigurationList;
			buildConfigurations = (
				5EB54C9B1F7330E9008D9373 /* Debug */,
				5EB54C9C1F7330E9008D9373 /* Release */,
			);
			defaultConfigurationIsVisible = 0;
			defaultConfigurationName = Release;
		};
/* End XCConfigurationList section */
	};
	rootObject = 5EB54C801F7330E9008D9373 /* Project object */;
}
